
Microsoft Visual Studio Solution File, Format Version 12.00
# Visual Studio Version 17
VisualStudioVersion = 17.9.34723.18
MinimumVisualStudioVersion = 10.0.40219.1
Project("{FAE04EC0-301F-11D3-BF4B-00C04F79EFBC}") = "WebApplication15", "WebApplication15.csproj", "{6A5A9F14-65E6-45FB-AAFD-C13DB8BC241B}"
EndProject
Global
	GlobalSection(SolutionConfigurationPlatforms) = preSolution
		Debug|Any CPU = Debug|Any CPU
		Release|Any CPU = Release|Any CPU
	EndGlobalSection
	GlobalSection(ProjectConfigurationPlatforms) = postSolution
		{6A5A9F14-65E6-45FB-AAFD-C13DB8BC241B}.Debug|Any CPU.ActiveCfg = Debug|Any CPU
		{6A5A9F14-65E6-45FB-AAFD-C13DB8BC241B}.Debug|Any CPU.Build.0 = Debug|Any CPU
		{6A5A9F14-65E6-45FB-AAFD-C13DB8BC241B}.Release|Any CPU.ActiveCfg = Release|Any CPU
		{6A5A9F14-65E6-45FB-AAFD-C13DB8BC241B}.Release|Any CPU.Build.0 = Release|Any CPU
	EndGlobalSection
	GlobalSection(SolutionProperties) = preSolution
		HideSolutionNode = FALSE
	EndGlobalSection
	GlobalSection(ExtensibilityGlobals) = postSolution
		SolutionGuid = {ADC392B1-E8CD-4A10-97B3-1C9B3EEBD5CF}
	EndGlobalSection
EndGlobal
